
Microsoft Visual Studio Solution File, Format Version 12.00
# Visual Studio Version 17
VisualStudioVersion = 17.13.35825.156
MinimumVisualStudioVersion = 10.0.40219.1
Project("{FAE04EC0-301F-11D3-BF4B-00C04F79EFBC}") = "Exam", "Exam\Exam.csproj", "{936F1C09-F34C-480F-AD12-17EE8E57EEFE}"
EndProject
Global
	GlobalSection(SolutionConfigurationPlatforms) = preSolution
		Debug|Any CPU = Debug|Any CPU
		Release|Any CPU = Release|Any CPU
	EndGlobalSection
	GlobalSection(ProjectConfigurationPlatforms) = postSolution
		{936F1C09-F34C-480F-AD12-17EE8E57EEFE}.Debug|Any CPU.ActiveCfg = Debug|Any CPU
		{936F1C09-F34C-480F-AD12-17EE8E57EEFE}.Debug|Any CPU.Build.0 = Debug|Any CPU
		{936F1C09-F34C-480F-AD12-17EE8E57EEFE}.Release|Any CPU.ActiveCfg = Release|Any CPU
		{936F1C09-F34C-480F-AD12-17EE8E57EEFE}.Release|Any CPU.Build.0 = Release|Any CPU
	EndGlobalSection
	GlobalSection(SolutionProperties) = preSolution
		HideSolutionNode = FALSE
	EndGlobalSection
	GlobalSection(ExtensibilityGlobals) = postSolution
		SolutionGuid = {B6BE415E-D0FA-45BA-8E90-075AEDBCD64F}
	EndGlobalSection
EndGlobal
